// !$*UTF8*$!
{
	archiveVersion = 1;
	classes = {};
	objectVersion = 56;
	objects = {
		79897C7729036BD6EFCA460E = { isa = PBXFileReference; lastKnownFileType = sourcecode.swift; path = AlmanacApp.swift; sourceTree = "<group>"; };
		ED03294D6B02760C652AA560 = { isa = PBXBuildFile; fileRef = 79897C7729036BD6EFCA460E; };
		A46654D6A51736D4C1052360 = { isa = PBXFileReference; lastKnownFileType = sourcecode.swift; path = ReportViews.swift; sourceTree = "<group>"; };
		1348EF1836B44342811A9EBC = { isa = PBXBuildFile; fileRef = A46654D6A51736D4C1052360; };
		EF92F0B99C204ECF1D2032CB = { isa = PBXFileReference; lastKnownFileType = sourcecode.swift; path = ResultEditor.swift; sourceTree = "<group>"; };
		F3082EDD964CA235FEA8AEA7 = { isa = PBXBuildFile; fileRef = EF92F0B99C204ECF1D2032CB; };
		F736147334821E5245F21458 = { isa = PBXFileReference; lastKnownFileType = sourcecode.swift; path = HistoryViews.swift; sourceTree = "<group>"; };
		3EDC988E16AF6F9E4D4CB838 = { isa = PBXBuildFile; fileRef = F736147334821E5245F21458; };
		718A9C56D68346E68465025A = { isa = PBXFileReference; lastKnownFileType = sourcecode.swift; path = HydrationModel.swift; sourceTree = "<group>"; };
		B98CD9D1B746428D9980ACA8 = { isa = PBXBuildFile; fileRef = 718A9C56D68346E68465025A; };
		869E31BFE27344749536DFC7 = { isa = PBXFileReference; lastKnownFileType = sourcecode.swift; path = HydrationLoggingView.swift; sourceTree = "<group>"; };
		AAAFA06B8445400DBB565226 = { isa = PBXBuildFile; fileRef = 869E31BFE27344749536DFC7; };
		8B3F78CE5C814040AF7EAE9E = { isa = PBXFileReference; lastKnownFileType = sourcecode.swift; path = HydrationDashboardView.swift; sourceTree = "<group>"; };
		DBDA5D54383043E0AE700B5A = { isa = PBXBuildFile; fileRef = 8B3F78CE5C814040AF7EAE9E; };
		8C7C6C168C6642C28BD43287 = { isa = PBXFileReference; lastKnownFileType = sourcecode.swift; path = SettingsView.swift; sourceTree = "<group>"; };
		908FA9C62CF34D3B9AF99F65 = { isa = PBXBuildFile; fileRef = 8C7C6C168C6642C28BD43287; };
		9FA9BC0C5B2C4362B0D0AD1C = { isa = PBXFileReference; lastKnownFileType = sourcecode.swift; path = HealthKitProvider.swift; sourceTree = "<group>"; };
		A184945A7794471D8B3202D2 = { isa = PBXBuildFile; fileRef = 9FA9BC0C5B2C4362B0D0AD1C; };
		7ED3B6ECDD4C444CB85E2E25 = { isa = PBXFileReference; lastKnownFileType = sourcecode.swift; path = NotificationScheduler.swift; sourceTree = "<group>"; };
		D2A46804BA1E4CEC84689F14 = { isa = PBXBuildFile; fileRef = 7ED3B6ECDD4C444CB85E2E25; };
		B8C845F7A591EEC864729700 = { isa = PBXFileReference; lastKnownFileType = sourcecode.swift; path = NutritionModel.swift; sourceTree = "<group>"; };
		CA8320282CB7CB3F28003E3B = { isa = PBXBuildFile; fileRef = B8C845F7A591EEC864729700; };
		C37EA21BDF4084F41F9A81B5 = { isa = PBXFileReference; lastKnownFileType = sourcecode.swift; path = NutritionFoodSearchView.swift; sourceTree = "<group>"; };
		F8D2797FCABCD07FCA885EFD = { isa = PBXBuildFile; fileRef = C37EA21BDF4084F41F9A81B5; };
		FD72CB0B7F613BE0E8E72598 = { isa = PBXFileReference; lastKnownFileType = sourcecode.swift; path = NutritionSavedMealsView.swift; sourceTree = "<group>"; };
		44DA7C9C0F4305F6C4DA6368 = { isa = PBXBuildFile; fileRef = FD72CB0B7F613BE0E8E72598; };
		BBF621CC123B969B1B882923 = { isa = PBXFileReference; lastKnownFileType = sourcecode.swift; path = NutritionQuickEntryView.swift; sourceTree = "<group>"; };
		5FE8C9CE2E3BCC5B750513FA = { isa = PBXBuildFile; fileRef = BBF621CC123B969B1B882923; };
		B52674BE2B8B4A658EF97A47 = { isa = PBXFileReference; lastKnownFileType = text.plist.entitlements; path = Almanac.entitlements; sourceTree = "<group>"; };
		38A007151ABE87CC01A5B6E9 = { isa = PBXFileReference; explicitFileType = wrapper.application; includeInIndex = 0; path = Almanac.app; sourceTree = BUILT_PRODUCTS_DIR; };
		DC76E9F0C0006E8F919E0C51 = { isa = PBXGroup; children = (1BDBD24583AAF7F81F76B976, FBDC4F23F93125BBEEAE800C,); sourceTree = "<group>"; };
		1BDBD24583AAF7F81F76B976 = { isa = PBXGroup; children = (79897C7729036BD6EFCA460E, A46654D6A51736D4C1052360, EF92F0B99C204ECF1D2032CB, F736147334821E5245F21458, 718A9C56D68346E68465025A, 869E31BFE27344749536DFC7, 8B3F78CE5C814040AF7EAE9E, 8C7C6C168C6642C28BD43287, 9FA9BC0C5B2C4362B0D0AD1C, 7ED3B6ECDD4C444CB85E2E25, B52674BE2B8B4A658EF97A47, B8C845F7A591EEC864729700, C37EA21BDF4084F41F9A81B5, FD72CB0B7F613BE0E8E72598, BBF621CC123B969B1B882923,); path = Almanac; sourceTree = "<group>"; };
		FBDC4F23F93125BBEEAE800C = { isa = PBXGroup; children = (38A007151ABE87CC01A5B6E9,); name = Products; sourceTree = "<group>"; };
		BCE16DD0260827ECF338C787 = { isa = PBXSourcesBuildPhase; buildActionMask = 2147483647; files = (ED03294D6B02760C652AA560, 1348EF1836B44342811A9EBC, F3082EDD964CA235FEA8AEA7, 3EDC988E16AF6F9E4D4CB838, B98CD9D1B746428D9980ACA8, AAAFA06B8445400DBB565226, DBDA5D54383043E0AE700B5A, 908FA9C62CF34D3B9AF99F65, A184945A7794471D8B3202D2, D2A46804BA1E4CEC84689F14, CA8320282CB7CB3F28003E3B, F8D2797FCABCD07FCA885EFD, 44DA7C9C0F4305F6C4DA6368, 5FE8C9CE2E3BCC5B750513FA,); runOnlyForDeploymentPostprocessing = 0; };
		BBB71A8862302FEAD6B15FF1 = { isa = PBXBuildFile; productRef = 05B4C13CEE8FCA4F3D850987; };
		7561BFB015D8F536760CB671 = { isa = PBXFrameworksBuildPhase; buildActionMask = 2147483647; files = (BBB71A8862302FEAD6B15FF1,); runOnlyForDeploymentPostprocessing = 0; };
		0189424A5A60FED329FA868E = { isa = PBXResourcesBuildPhase; buildActionMask = 2147483647; files = (); runOnlyForDeploymentPostprocessing = 0; };
		582681C2EAE02B3F3D399C0C = { isa = XCLocalSwiftPackageReference; relativePath = ..; };
		05B4C13CEE8FCA4F3D850987 = { isa = XCSwiftPackageProductDependency; package = 582681C2EAE02B3F3D399C0C; productName = AlmanacCore; };
		0E8A3AD980EC179856012B7E = { isa = PBXNativeTarget; buildConfigurationList = D7EA9B19BC5DAF32223C3C8B;
            buildPhases = (BCE16DD0260827ECF338C787, 7561BFB015D8F536760CB671, 0189424A5A60FED329FA868E,);
            buildRules = (); dependencies = (); name = Almanac;
            packageProductDependencies = (05B4C13CEE8FCA4F3D850987,);
            productName = Almanac; productReference = 38A007151ABE87CC01A5B6E9; productType = "com.apple.product-type.application"; };
		98F54143AB4E86B28C3AFEE0 = { isa = PBXProject;
            attributes = { BuildIndependentTargetsInParallel = YES; LastUpgradeCheck = 1500;
                TargetAttributes = { 0E8A3AD980EC179856012B7E = { SystemCapabilities = { "com.apple.HealthKit" = { enabled = 1; }; }; }; }; };
            buildConfigurationList = 389E3AB3166B5E85D4DB22E9; compatibilityVersion = "Xcode 14.0";
            developmentRegion = en; hasScannedForEncodings = 0; knownRegions = (en, Base,);
            mainGroup = DC76E9F0C0006E8F919E0C51; productRefGroup = FBDC4F23F93125BBEEAE800C;
            packageReferences = (582681C2EAE02B3F3D399C0C,); projectDirPath = ""; projectRoot = "";
            targets = (0E8A3AD980EC179856012B7E,); };
		89E1FD6268CC0F221A2BE178 = { isa = XCBuildConfiguration; buildSettings = { CLANG_ENABLE_MODULES = YES; IPHONEOS_DEPLOYMENT_TARGET = 17.0; SDKROOT = iphoneos; SWIFT_OPTIMIZATION_LEVEL = "-Onone"; DEBUG_INFORMATION_FORMAT = dwarf; SWIFT_ACTIVE_COMPILATION_CONDITIONS = "DEBUG $(inherited)"; }; name = Debug; };
		E6DE6C99132752C914FEF632 = { isa = XCBuildConfiguration; buildSettings = { CLANG_ENABLE_MODULES = YES; IPHONEOS_DEPLOYMENT_TARGET = 17.0; SDKROOT = iphoneos; SWIFT_OPTIMIZATION_LEVEL = "-O"; DEBUG_INFORMATION_FORMAT = "dwarf-with-dsym"; SWIFT_COMPILATION_MODE = wholemodule; }; name = Release; };
		389E3AB3166B5E85D4DB22E9 = { isa = XCConfigurationList; buildConfigurations = (89E1FD6268CC0F221A2BE178, E6DE6C99132752C914FEF632,); defaultConfigurationIsVisible = 0; defaultConfigurationName = Release; };
		7082CC0B6FC1282FCEABD07A = { isa = XCBuildConfiguration; buildSettings = { CODE_SIGN_STYLE = Automatic; CURRENT_PROJECT_VERSION = 1;
                CODE_SIGN_ENTITLEMENTS = Almanac/Almanac.entitlements;
                GENERATE_INFOPLIST_FILE = YES; INFOPLIST_KEY_CFBundleDisplayName = Almanac;
                INFOPLIST_KEY_NSHealthShareUsageDescription = "Almanac reads your logged water intake from Health so hydration entries stay in sync across devices.";
                INFOPLIST_KEY_NSHealthUpdateUsageDescription = "Almanac writes the water you log here to Health so it counts toward your daily totals elsewhere.";
                INFOPLIST_KEY_UIApplicationSceneManifest_Generation = YES;
                INFOPLIST_KEY_UILaunchScreen_Generation = YES;
                INFOPLIST_KEY_UISupportedInterfaceOrientations = "UIInterfaceOrientationPortrait UIInterfaceOrientationLandscapeLeft UIInterfaceOrientationLandscapeRight";
                LD_RUNPATH_SEARCH_PATHS = "$(inherited) @executable_path/Frameworks";
                MARKETING_VERSION = 0.1.0; PRODUCT_BUNDLE_IDENTIFIER = com.almanac.personal;
                PRODUCT_NAME = "$(TARGET_NAME)"; SUPPORTED_PLATFORMS = "iphoneos iphonesimulator";
                SUPPORTS_MACCATALYST = NO; SWIFT_VERSION = 5.0; TARGETED_DEVICE_FAMILY = "1,2"; SWIFT_OPTIMIZATION_LEVEL = "-Onone"; DEBUG_INFORMATION_FORMAT = dwarf; SWIFT_ACTIVE_COMPILATION_CONDITIONS = "DEBUG $(inherited)"; }; name = Debug; };
		639A7CA24D39909E713B47F7 = { isa = XCBuildConfiguration; buildSettings = { CODE_SIGN_STYLE = Automatic; CURRENT_PROJECT_VERSION = 1;
                CODE_SIGN_ENTITLEMENTS = Almanac/Almanac.entitlements;
                GENERATE_INFOPLIST_FILE = YES; INFOPLIST_KEY_CFBundleDisplayName = Almanac;
                INFOPLIST_KEY_NSHealthShareUsageDescription = "Almanac reads your logged water intake from Health so hydration entries stay in sync across devices.";
                INFOPLIST_KEY_NSHealthUpdateUsageDescription = "Almanac writes the water you log here to Health so it counts toward your daily totals elsewhere.";
                INFOPLIST_KEY_UIApplicationSceneManifest_Generation = YES;
                INFOPLIST_KEY_UILaunchScreen_Generation = YES;
                INFOPLIST_KEY_UISupportedInterfaceOrientations = "UIInterfaceOrientationPortrait UIInterfaceOrientationLandscapeLeft UIInterfaceOrientationLandscapeRight";
                LD_RUNPATH_SEARCH_PATHS = "$(inherited) @executable_path/Frameworks";
                MARKETING_VERSION = 0.1.0; PRODUCT_BUNDLE_IDENTIFIER = com.almanac.personal;
                PRODUCT_NAME = "$(TARGET_NAME)"; SUPPORTED_PLATFORMS = "iphoneos iphonesimulator";
                SUPPORTS_MACCATALYST = NO; SWIFT_VERSION = 5.0; TARGETED_DEVICE_FAMILY = "1,2"; SWIFT_OPTIMIZATION_LEVEL = "-O"; DEBUG_INFORMATION_FORMAT = "dwarf-with-dsym"; SWIFT_COMPILATION_MODE = wholemodule; }; name = Release; };
		D7EA9B19BC5DAF32223C3C8B = { isa = XCConfigurationList; buildConfigurations = (7082CC0B6FC1282FCEABD07A, 639A7CA24D39909E713B47F7,); defaultConfigurationIsVisible = 0; defaultConfigurationName = Release; };
	};
	rootObject = 98F54143AB4E86B28C3AFEE0;
}
