// !$*UTF8*$!
{
	archiveVersion = 1;
	classes = {};
	objectVersion = 56;
	objects = {
		79897C7729036BD6EFCA460E = { isa = PBXFileReference; lastKnownFileType = sourcecode.swift; path = AlmanacApp.swift; sourceTree = "<group>"; };
		ED03294D6B02760C652AA560 = { isa = PBXBuildFile; fileRef = 79897C7729036BD6EFCA460E; };
		D93E1F70C2B84D9562A08F1B = { isa = PBXFileReference; lastKnownFileType = sourcecode.swift; path = LabReportFixture.swift; sourceTree = "<group>"; };
		E51827A9B3C64F01873D95CE = { isa = PBXBuildFile; fileRef = D93E1F70C2B84D9562A08F1B; };
		9E32BC7A1D4F4056A78B9C01 = { isa = PBXFileReference; lastKnownFileType = sourcecode.swift; path = BackupView.swift; sourceTree = "<group>"; };
		FA4C3D2E1B0987654321FEBA = { isa = PBXBuildFile; fileRef = 9E32BC7A1D4F4056A78B9C01; };
		A46654D6A51736D4C1052360 = { isa = PBXFileReference; lastKnownFileType = sourcecode.swift; path = ReportViews.swift; sourceTree = "<group>"; };
		1348EF1836B44342811A9EBC = { isa = PBXBuildFile; fileRef = A46654D6A51736D4C1052360; };
		EF92F0B99C204ECF1D2032CB = { isa = PBXFileReference; lastKnownFileType = sourcecode.swift; path = ResultEditor.swift; sourceTree = "<group>"; };
		F3082EDD964CA235FEA8AEA7 = { isa = PBXBuildFile; fileRef = EF92F0B99C204ECF1D2032CB; };
		F736147334821E5245F21458 = { isa = PBXFileReference; lastKnownFileType = sourcecode.swift; path = HistoryViews.swift; sourceTree = "<group>"; };
		3EDC988E16AF6F9E4D4CB838 = { isa = PBXBuildFile; fileRef = F736147334821E5245F21458; };
		718A9C56D68346E68465025A = { isa = PBXFileReference; lastKnownFileType = sourcecode.swift; path = HydrationModel.swift; sourceTree = "<group>"; };
		B98CD9D1B746428D9980ACA8 = { isa = PBXBuildFile; fileRef = 718A9C56D68346E68465025A; };
		869E31BFE27344749536DFC7 = { isa = PBXFileReference; lastKnownFileType = sourcecode.swift; path = HydrationLoggingView.swift; sourceTree = "<group>"; };
		AAAFA06B8445400DBB565226 = { isa = PBXBuildFile; fileRef = 869E31BFE27344749536DFC7; };
		8B3F78CE5C814040AF7EAE9E = { isa = PBXFileReference; lastKnownFileType = sourcecode.swift; path = HydrationDashboardView.swift; sourceTree = "<group>"; };
		DBDA5D54383043E0AE700B5A = { isa = PBXBuildFile; fileRef = 8B3F78CE5C814040AF7EAE9E; };
		8C7C6C168C6642C28BD43287 = { isa = PBXFileReference; lastKnownFileType = sourcecode.swift; path = SettingsView.swift; sourceTree = "<group>"; };
		908FA9C62CF34D3B9AF99F65 = { isa = PBXBuildFile; fileRef = 8C7C6C168C6642C28BD43287; };
		9FA9BC0C5B2C4362B0D0AD1C = { isa = PBXFileReference; lastKnownFileType = sourcecode.swift; path = HealthKitProvider.swift; sourceTree = "<group>"; };
		AC00000000000000000001 = { isa = PBXFileReference; lastKnownFileType = sourcecode.swift; path = HealthModel.swift; sourceTree = "<group>"; };
		AC00000000000000000002 = { isa = PBXBuildFile; fileRef = AC00000000000000000001; };
		AC00000000000000000003 = { isa = PBXFileReference; lastKnownFileType = sourcecode.swift; path = HealthView.swift; sourceTree = "<group>"; };
		AC00000000000000000004 = { isa = PBXBuildFile; fileRef = AC00000000000000000003; };
		A184945A7794471D8B3202D2 = { isa = PBXBuildFile; fileRef = 9FA9BC0C5B2C4362B0D0AD1C; };
		AC00000000000000000002 = { isa = PBXBuildFile; fileRef = AC00000000000000000001; };
		AC00000000000000000004 = { isa = PBXBuildFile; fileRef = AC00000000000000000003; };
		7ED3B6ECDD4C444CB85E2E25 = { isa = PBXFileReference; lastKnownFileType = sourcecode.swift; path = NotificationScheduler.swift; sourceTree = "<group>"; };
		D2A46804BA1E4CEC84689F14 = { isa = PBXBuildFile; fileRef = 7ED3B6ECDD4C444CB85E2E25; };
		B8C845F7A591EEC864729700 = { isa = PBXFileReference; lastKnownFileType = sourcecode.swift; path = NutritionModel.swift; sourceTree = "<group>"; };
		CA8320282CB7CB3F28003E3B = { isa = PBXBuildFile; fileRef = B8C845F7A591EEC864729700; };
		C37EA21BDF4084F41F9A81B5 = { isa = PBXFileReference; lastKnownFileType = sourcecode.swift; path = NutritionFoodSearchView.swift; sourceTree = "<group>"; };
		F8D2797FCABCD07FCA885EFD = { isa = PBXBuildFile; fileRef = C37EA21BDF4084F41F9A81B5; };
		FD72CB0B7F613BE0E8E72598 = { isa = PBXFileReference; lastKnownFileType = sourcecode.swift; path = NutritionSavedMealsView.swift; sourceTree = "<group>"; };
		44DA7C9C0F4305F6C4DA6368 = { isa = PBXBuildFile; fileRef = FD72CB0B7F613BE0E8E72598; };
		BBF621CC123B969B1B882923 = { isa = PBXFileReference; lastKnownFileType = sourcecode.swift; path = NutritionQuickEntryView.swift; sourceTree = "<group>"; };
		5FE8C9CE2E3BCC5B750513FA = { isa = PBXBuildFile; fileRef = BBF621CC123B969B1B882923; };
		3468D7D259DD171845EC0E8F = { isa = PBXFileReference; lastKnownFileType = sourcecode.swift; path = NutritionPortionPickerView.swift; sourceTree = "<group>"; };
		9F91362AAB87C299B6BA1EBD = { isa = PBXBuildFile; fileRef = 3468D7D259DD171845EC0E8F; };
		BC35319AF7674255387D000C = { isa = PBXFileReference; lastKnownFileType = sourcecode.swift; path = ReadinessModel.swift; sourceTree = "<group>"; };
		C96ACAAB7C91882740283D1E = { isa = PBXBuildFile; fileRef = BC35319AF7674255387D000C; };
		CAF8491FC1120A95EAB86A56 = { isa = PBXFileReference; lastKnownFileType = sourcecode.swift; path = ReadinessDashboardView.swift; sourceTree = "<group>"; };
		6C9BE999913EDC3D0B3B3C6E = { isa = PBXBuildFile; fileRef = CAF8491FC1120A95EAB86A56; };
		87B0BAB5CC87862194A7D358 = { isa = PBXFileReference; lastKnownFileType = sourcecode.swift; path = MoodCheckInView.swift; sourceTree = "<group>"; };
		134713538C283E64A1411DB5 = { isa = PBXBuildFile; fileRef = 87B0BAB5CC87862194A7D358; };
		7E0E7092E9C0D501FF36238F = { isa = PBXFileReference; lastKnownFileType = sourcecode.swift; path = SorenessCheckInView.swift; sourceTree = "<group>"; };
		E6C97766F3976D9AD2FC19BC = { isa = PBXBuildFile; fileRef = 7E0E7092E9C0D501FF36238F; };
		C5B7E3CD968295EFB1E5BE09 = { isa = PBXFileReference; lastKnownFileType = sourcecode.swift; path = MoodSorenessCheckInView.swift; sourceTree = "<group>"; };
		73D0E3015DFA4C4B20ED06C8 = { isa = PBXBuildFile; fileRef = C5B7E3CD968295EFB1E5BE09; };
		9D57744323449CA9F6CA6A66 = { isa = PBXFileReference; lastKnownFileType = sourcecode.swift; path = FeedbackPromptView.swift; sourceTree = "<group>"; };
		A74A1C301DB7720FF0E82C8C = { isa = PBXBuildFile; fileRef = 9D57744323449CA9F6CA6A66; };
		5E857989910E71EB30C87584 = { isa = PBXFileReference; lastKnownFileType = sourcecode.swift; path = TrainingModel.swift; sourceTree = "<group>"; };
		5759EB1C8268955782B87A65 = { isa = PBXBuildFile; fileRef = 5E857989910E71EB30C87584; };
		CC72CBB0BD91828A7997CC81 = { isa = PBXFileReference; lastKnownFileType = sourcecode.swift; path = ExercisePickerView.swift; sourceTree = "<group>"; };
		D4825DF5D8E39B32EDF2B090 = { isa = PBXBuildFile; fileRef = CC72CBB0BD91828A7997CC81; };
		A1B2C3D4E5F60718293A4B5C = { isa = PBXFileReference; lastKnownFileType = sourcecode.swift; path = AttributionsView.swift; sourceTree = "<group>"; };
		A1B2C3D4E5F60718293A4B5D = { isa = PBXBuildFile; fileRef = A1B2C3D4E5F60718293A4B5C; };
		AD0000000000000000000001 = { isa = PBXFileReference; lastKnownFileType = sourcecode.swift; path = MoreViews.swift; sourceTree = "<group>"; };
		AD0000000000000000000002 = { isa = PBXBuildFile; fileRef = AD0000000000000000000001; };
		9D70A21F07FCA7F20242F97D = { isa = PBXFileReference; lastKnownFileType = sourcecode.swift; path = LogBoutView.swift; sourceTree = "<group>"; };
		71CD7E1FD38920A1EEAF91A2 = { isa = PBXBuildFile; fileRef = 9D70A21F07FCA7F20242F97D; };
		0F9514DF3168DFC537F62049 = { isa = PBXFileReference; lastKnownFileType = sourcecode.swift; path = TrainingDashboardView.swift; sourceTree = "<group>"; };
		055EF019ACED2C835A6FF20C = { isa = PBXBuildFile; fileRef = 0F9514DF3168DFC537F62049; };
		B52674BE2B8B4A658EF97A47 = { isa = PBXFileReference; lastKnownFileType = text.plist.entitlements; path = Almanac.entitlements; sourceTree = "<group>"; };
		38A007151ABE87CC01A5B6E9 = { isa = PBXFileReference; explicitFileType = wrapper.application; includeInIndex = 0; path = Almanac.app; sourceTree = BUILT_PRODUCTS_DIR; };
		FA0000000000000000000001 = { isa = PBXFileReference; lastKnownFileType = sourcecode.swift; path = AlmanacWidgetsBundle.swift; sourceTree = "<group>"; };
		FA0000000000000000000002 = { isa = PBXFileReference; lastKnownFileType = sourcecode.swift; path = WaterWidget.swift; sourceTree = "<group>"; };
		FA0000000000000000000003 = { isa = PBXFileReference; lastKnownFileType = sourcecode.swift; path = FastingWidget.swift; sourceTree = "<group>"; };
		FA0000000000000000000004 = { isa = PBXFileReference; lastKnownFileType = sourcecode.swift; path = WidgetIntents.swift; sourceTree = "<group>"; };
		FA0000000000000000000005 = { isa = PBXFileReference; lastKnownFileType = text.plist.entitlements; path = AlmanacWidgets.entitlements; sourceTree = "<group>"; };
		FA0000000000000000000006 = { isa = PBXFileReference; lastKnownFileType = sourcecode.swift; path = AppGroupDatabase.swift; sourceTree = "<group>"; };
		FA0000000000000000000008 = { isa = PBXFileReference; lastKnownFileType = text.plist.xml; path = Info.plist; sourceTree = "<group>"; };
		FA0000000000000000000007 = { isa = PBXFileReference; explicitFileType = wrapper.app-extension; includeInIndex = 0; path = AlmanacWidgets.appex; sourceTree = BUILT_PRODUCTS_DIR; };
		AB00000000000000000001 = { isa = PBXFileReference; lastKnownFileType = sourcecode.swift; path = AttributionsUITests.swift; sourceTree = "<group>"; };
		AB00000000000000000002 = { isa = PBXBuildFile; fileRef = AB00000000000000000001; };
		AB00000000000000000003 = { isa = PBXFileReference; explicitFileType = wrapper.cfbundle; includeInIndex = 0; path = AlmanacUITests.xctest; sourceTree = BUILT_PRODUCTS_DIR; };
		AB00000000000000000004 = { isa = PBXGroup; children = (AB00000000000000000001,); path = AlmanacUITests; sourceTree = "<group>"; };
		AB00000000000000000005 = { isa = PBXSourcesBuildPhase; buildActionMask = 2147483647; files = (AB00000000000000000002,); runOnlyForDeploymentPostprocessing = 0; };
		AB00000000000000000006 = { isa = PBXFrameworksBuildPhase; buildActionMask = 2147483647; files = (); runOnlyForDeploymentPostprocessing = 0; };
		AB00000000000000000007 = { isa = PBXResourcesBuildPhase; buildActionMask = 2147483647; files = (); runOnlyForDeploymentPostprocessing = 0; };
		AB00000000000000000008 = { isa = PBXNativeTarget; buildConfigurationList = AB0000000000000000000B;
            buildPhases = (AB00000000000000000005, AB00000000000000000006, AB00000000000000000007,);
            buildRules = (); dependencies = (AB0000000000000000000C,); name = AlmanacUITests;
            packageProductDependencies = (); productName = AlmanacUITests;
            productReference = AB00000000000000000003; productType = "com.apple.product-type.bundle.ui-testing"; };
		AB00000000000000000009 = { isa = XCBuildConfiguration; buildSettings = { ALWAYS_SEARCH_USER_PATHS = NO; CLANG_ENABLE_MODULES = YES; CODE_SIGN_STYLE = Automatic; CURRENT_PROJECT_VERSION = 1; GENERATE_INFOPLIST_FILE = YES; IPHONEOS_DEPLOYMENT_TARGET = 17.0; MARKETING_VERSION = 0.1.0; PRODUCT_BUNDLE_IDENTIFIER = com.almanac.personal.uitests; PRODUCT_NAME = "$(TARGET_NAME)"; SDKROOT = iphoneos; SUPPORTED_PLATFORMS = "iphoneos iphonesimulator"; SWIFT_VERSION = 5.0; TARGETED_DEVICE_FAMILY = "1,2"; TEST_TARGET_NAME = Almanac; SWIFT_OPTIMIZATION_LEVEL = "-Onone"; DEBUG_INFORMATION_FORMAT = dwarf; SWIFT_ACTIVE_COMPILATION_CONDITIONS = "DEBUG $(inherited)"; }; name = Debug; };
		AB0000000000000000000A = { isa = XCBuildConfiguration; buildSettings = { ALWAYS_SEARCH_USER_PATHS = NO; CLANG_ENABLE_MODULES = YES; CODE_SIGN_STYLE = Automatic; CURRENT_PROJECT_VERSION = 1; GENERATE_INFOPLIST_FILE = YES; IPHONEOS_DEPLOYMENT_TARGET = 17.0; MARKETING_VERSION = 0.1.0; PRODUCT_BUNDLE_IDENTIFIER = com.almanac.personal.uitests; PRODUCT_NAME = "$(TARGET_NAME)"; SDKROOT = iphoneos; SUPPORTED_PLATFORMS = "iphoneos iphonesimulator"; SWIFT_VERSION = 5.0; TARGETED_DEVICE_FAMILY = "1,2"; TEST_TARGET_NAME = Almanac; SWIFT_OPTIMIZATION_LEVEL = "-O"; DEBUG_INFORMATION_FORMAT = "dwarf-with-dsym"; SWIFT_COMPILATION_MODE = wholemodule; }; name = Release; };
		AB0000000000000000000B = { isa = XCConfigurationList; buildConfigurations = (AB00000000000000000009, AB0000000000000000000A,); defaultConfigurationIsVisible = 0; defaultConfigurationName = Release; };
		AB0000000000000000000C = { isa = PBXTargetDependency; target = 0E8A3AD980EC179856012B7E; targetProxy = AB0000000000000000000D; };
		AB0000000000000000000D = { isa = PBXContainerItemProxy; containerPortal = 98F54143AB4E86B28C3AFEE0; proxyType = 1; remoteGlobalIDString = 0E8A3AD980EC179856012B7E; remoteInfo = Almanac; };
		DC76E9F0C0006E8F919E0C51 = { isa = PBXGroup; children = (1BDBD24583AAF7F81F76B976, FC0000000000000000000001, AB00000000000000000004, FBDC4F23F93125BBEEAE800C,); sourceTree = "<group>"; };
		1BDBD24583AAF7F81F76B976 = { isa = PBXGroup; children = (79897C7729036BD6EFCA460E, A46654D6A51736D4C1052360, D93E1F70C2B84D9562A08F1B, 9E32BC7A1D4F4056A78B9C01, EF92F0B99C204ECF1D2032CB, F736147334821E5245F21458, 718A9C56D68346E68465025A, 869E31BFE27344749536DFC7, 8B3F78CE5C814040AF7EAE9E, 8C7C6C168C6642C28BD43287, 9FA9BC0C5B2C4362B0D0AD1C, AC00000000000000000001, AC00000000000000000003, 7ED3B6ECDD4C444CB85E2E25, B52674BE2B8B4A658EF97A47, FA0000000000000000000006, B8C845F7A591EEC864729700, C37EA21BDF4084F41F9A81B5, FD72CB0B7F613BE0E8E72598, BBF621CC123B969B1B882923, 3468D7D259DD171845EC0E8F, BC35319AF7674255387D000C, CAF8491FC1120A95EAB86A56, 87B0BAB5CC87862194A7D358, 7E0E7092E9C0D501FF36238F, C5B7E3CD968295EFB1E5BE09, 9D57744323449CA9F6CA6A66, 5E857989910E71EB30C87584, CC72CBB0BD91828A7997CC81, 9D70A21F07FCA7F20242F97D, 0F9514DF3168DFC537F62049, A1B2C3D4E5F60718293A4B5C, AD0000000000000000000001,); path = Almanac; sourceTree = "<group>"; };
		FBDC4F23F93125BBEEAE800C = { isa = PBXGroup; children = (38A007151ABE87CC01A5B6E9, FA0000000000000000000007, AB00000000000000000003,); name = Products; sourceTree = "<group>"; };
		BCE16DD0260827ECF338C787 = { isa = PBXSourcesBuildPhase; buildActionMask = 2147483647; files = (ED03294D6B02760C652AA560, 1348EF1836B44342811A9EBC, E51827A9B3C64F01873D95CE, FA4C3D2E1B0987654321FEBA, F3082EDD964CA235FEA8AEA7, 3EDC988E16AF6F9E4D4CB838, B98CD9D1B746428D9980ACA8, AAAFA06B8445400DBB565226, DBDA5D54383043E0AE700B5A, 908FA9C62CF34D3B9AF99F65, A184945A7794471D8B3202D2, AC00000000000000000002, AC00000000000000000004, D2A46804BA1E4CEC84689F14, CA8320282CB7CB3F28003E3B, F8D2797FCABCD07FCA885EFD, 44DA7C9C0F4305F6C4DA6368, 5FE8C9CE2E3BCC5B750513FA, 9F91362AAB87C299B6BA1EBD, C96ACAAB7C91882740283D1E, 6C9BE999913EDC3D0B3B3C6E, 134713538C283E64A1411DB5, E6C97766F3976D9AD2FC19BC, 73D0E3015DFA4C4B20ED06C8, A74A1C301DB7720FF0E82C8C, 5759EB1C8268955782B87A65, D4825DF5D8E39B32EDF2B090, 71CD7E1FD38920A1EEAF91A2, 055EF019ACED2C835A6FF20C, A1B2C3D4E5F60718293A4B5D, AD0000000000000000000002, FB0000000000000000000006,); runOnlyForDeploymentPostprocessing = 0; };
		BBB71A8862302FEAD6B15FF1 = { isa = PBXBuildFile; productRef = 05B4C13CEE8FCA4F3D850987; };
		FB0000000000000000000001 = { isa = PBXBuildFile; fileRef = FA0000000000000000000001; };
		FB0000000000000000000002 = { isa = PBXBuildFile; fileRef = FA0000000000000000000002; };
		FB0000000000000000000003 = { isa = PBXBuildFile; fileRef = FA0000000000000000000003; };
		FB0000000000000000000004 = { isa = PBXBuildFile; fileRef = FA0000000000000000000004; };
		FB0000000000000000000005 = { isa = PBXBuildFile; fileRef = FA0000000000000000000006; };
		FB0000000000000000000006 = { isa = PBXBuildFile; fileRef = FA0000000000000000000006; };
		FB0000000000000000000007 = { isa = PBXBuildFile; productRef = 05B4C13CEE8FCA4F3D850987; };
		FB0000000000000000000008 = { isa = PBXBuildFile; fileRef = FA0000000000000000000007; settings = {ATTRIBUTES = (RemoveHeadersOnCopy, ); }; };
		7561BFB015D8F536760CB671 = { isa = PBXFrameworksBuildPhase; buildActionMask = 2147483647; files = (BBB71A8862302FEAD6B15FF1,); runOnlyForDeploymentPostprocessing = 0; };
		0189424A5A60FED329FA868E = { isa = PBXResourcesBuildPhase; buildActionMask = 2147483647; files = (); runOnlyForDeploymentPostprocessing = 0; };
		582681C2EAE02B3F3D399C0C = { isa = XCLocalSwiftPackageReference; relativePath = ..; };
		05B4C13CEE8FCA4F3D850987 = { isa = XCSwiftPackageProductDependency; package = 582681C2EAE02B3F3D399C0C; productName = AlmanacCore; };
		0E8A3AD980EC179856012B7E = { isa = PBXNativeTarget; buildConfigurationList = D7EA9B19BC5DAF32223C3C8B;
            buildPhases = (BCE16DD0260827ECF338C787, 7561BFB015D8F536760CB671, 0189424A5A60FED329FA868E, FD0000000000000000000004,);
            buildRules = (); dependencies = (FE0000000000000000000002,); name = Almanac;
            packageProductDependencies = (05B4C13CEE8FCA4F3D850987,);
            productName = Almanac; productReference = 38A007151ABE87CC01A5B6E9; productType = "com.apple.product-type.application"; };
		FC0000000000000000000001 = { isa = PBXGroup; children = (FA0000000000000000000001, FA0000000000000000000002, FA0000000000000000000003, FA0000000000000000000004, FA0000000000000000000005, FA0000000000000000000008,); path = AlmanacWidgets; sourceTree = "<group>"; };
		FD0000000000000000000001 = { isa = PBXSourcesBuildPhase; buildActionMask = 2147483647; files = (FB0000000000000000000001, FB0000000000000000000002, FB0000000000000000000003, FB0000000000000000000004, FB0000000000000000000005,); runOnlyForDeploymentPostprocessing = 0; };
		FD0000000000000000000002 = { isa = PBXFrameworksBuildPhase; buildActionMask = 2147483647; files = (FB0000000000000000000007,); runOnlyForDeploymentPostprocessing = 0; };
		FD0000000000000000000003 = { isa = PBXResourcesBuildPhase; buildActionMask = 2147483647; files = (); runOnlyForDeploymentPostprocessing = 0; };
		FD0000000000000000000004 = { isa = PBXCopyFilesBuildPhase; buildActionMask = 2147483647; dstPath = ""; dstSubfolderSpec = 13; files = (FB0000000000000000000008,); name = "Embed App Extensions"; runOnlyForDeploymentPostprocessing = 0; };
		FE0000000000000000000001 = { isa = PBXNativeTarget; buildConfigurationList = FF0000000000000000000003;
            buildPhases = (FD0000000000000000000001, FD0000000000000000000002, FD0000000000000000000003,);
            buildRules = (); dependencies = (); name = AlmanacWidgets;
            packageProductDependencies = (05B4C13CEE8FCA4F3D850987,);
            productName = AlmanacWidgets; productReference = FA0000000000000000000007; productType = "com.apple.product-type.app-extension"; };
		FE0000000000000000000002 = { isa = PBXTargetDependency; target = FE0000000000000000000001; targetProxy = FE0000000000000000000003; };
		FE0000000000000000000003 = { isa = PBXContainerItemProxy; containerPortal = 98F54143AB4E86B28C3AFEE0; proxyType = 1; remoteGlobalIDString = FE0000000000000000000001; remoteInfo = AlmanacWidgets; };
		98F54143AB4E86B28C3AFEE0 = { isa = PBXProject;
            attributes = { BuildIndependentTargetsInParallel = YES; LastUpgradeCheck = 1500;
                TargetAttributes = { 0E8A3AD980EC179856012B7E = { SystemCapabilities = { "com.apple.HealthKit" = { enabled = 1; }; }; };
                    FE0000000000000000000001 = { SystemCapabilities = { "com.apple.ApplicationGroups.iOS" = { enabled = 1; }; }; }; }; };
            buildConfigurationList = 389E3AB3166B5E85D4DB22E9; compatibilityVersion = "Xcode 14.0";
            developmentRegion = en; hasScannedForEncodings = 0; knownRegions = (en, Base,);
            mainGroup = DC76E9F0C0006E8F919E0C51; productRefGroup = FBDC4F23F93125BBEEAE800C;
            packageReferences = (582681C2EAE02B3F3D399C0C,); projectDirPath = ""; projectRoot = "";
            targets = (0E8A3AD980EC179856012B7E, FE0000000000000000000001, AB00000000000000000008,); };
		89E1FD6268CC0F221A2BE178 = { isa = XCBuildConfiguration; buildSettings = { CLANG_ENABLE_MODULES = YES; ONLY_ACTIVE_ARCH = YES; IPHONEOS_DEPLOYMENT_TARGET = 17.0; SDKROOT = iphoneos; SWIFT_OPTIMIZATION_LEVEL = "-Onone"; DEBUG_INFORMATION_FORMAT = dwarf; SWIFT_ACTIVE_COMPILATION_CONDITIONS = "DEBUG $(inherited)"; }; name = Debug; };
		E6DE6C99132752C914FEF632 = { isa = XCBuildConfiguration; buildSettings = { CLANG_ENABLE_MODULES = YES; IPHONEOS_DEPLOYMENT_TARGET = 17.0; SDKROOT = iphoneos; SWIFT_OPTIMIZATION_LEVEL = "-O"; DEBUG_INFORMATION_FORMAT = "dwarf-with-dsym"; SWIFT_COMPILATION_MODE = wholemodule; }; name = Release; };
		389E3AB3166B5E85D4DB22E9 = { isa = XCConfigurationList; buildConfigurations = (89E1FD6268CC0F221A2BE178, E6DE6C99132752C914FEF632,); defaultConfigurationIsVisible = 0; defaultConfigurationName = Release; };
		7082CC0B6FC1282FCEABD07A = { isa = XCBuildConfiguration; buildSettings = { CODE_SIGN_STYLE = Automatic; CURRENT_PROJECT_VERSION = 1;
                CODE_SIGN_ENTITLEMENTS = Almanac/Almanac.entitlements;
                GENERATE_INFOPLIST_FILE = YES; INFOPLIST_KEY_CFBundleDisplayName = Almanac;
                INFOPLIST_KEY_NSHealthShareUsageDescription = "Almanac reads your logged water intake from Health so hydration entries stay in sync across devices.";
                INFOPLIST_KEY_NSHealthUpdateUsageDescription = "Almanac writes the water you log here to Health so it counts toward your daily totals elsewhere.";
                INFOPLIST_KEY_UIApplicationSceneManifest_Generation = YES;
                INFOPLIST_KEY_UILaunchScreen_Generation = YES;
                INFOPLIST_KEY_UISupportedInterfaceOrientations = "UIInterfaceOrientationPortrait UIInterfaceOrientationLandscapeLeft UIInterfaceOrientationLandscapeRight";
                LD_RUNPATH_SEARCH_PATHS = "$(inherited) @executable_path/Frameworks";
                MARKETING_VERSION = 0.1.0; PRODUCT_BUNDLE_IDENTIFIER = com.almanac.personal;
                PRODUCT_NAME = "$(TARGET_NAME)"; SUPPORTED_PLATFORMS = "iphoneos iphonesimulator";
                SUPPORTS_MACCATALYST = NO; SWIFT_VERSION = 5.0; TARGETED_DEVICE_FAMILY = "1,2"; SWIFT_OPTIMIZATION_LEVEL = "-Onone"; DEBUG_INFORMATION_FORMAT = dwarf; SWIFT_ACTIVE_COMPILATION_CONDITIONS = "DEBUG $(inherited)"; }; name = Debug; };
		639A7CA24D39909E713B47F7 = { isa = XCBuildConfiguration; buildSettings = { CODE_SIGN_STYLE = Automatic; CURRENT_PROJECT_VERSION = 1;
                CODE_SIGN_ENTITLEMENTS = Almanac/Almanac.entitlements;
                GENERATE_INFOPLIST_FILE = YES; INFOPLIST_KEY_CFBundleDisplayName = Almanac;
                INFOPLIST_KEY_NSHealthShareUsageDescription = "Almanac reads your logged water intake from Health so hydration entries stay in sync across devices.";
                INFOPLIST_KEY_NSHealthUpdateUsageDescription = "Almanac writes the water you log here to Health so it counts toward your daily totals elsewhere.";
                INFOPLIST_KEY_UIApplicationSceneManifest_Generation = YES;
                INFOPLIST_KEY_UILaunchScreen_Generation = YES;
                INFOPLIST_KEY_UISupportedInterfaceOrientations = "UIInterfaceOrientationPortrait UIInterfaceOrientationLandscapeLeft UIInterfaceOrientationLandscapeRight";
                LD_RUNPATH_SEARCH_PATHS = "$(inherited) @executable_path/Frameworks";
                MARKETING_VERSION = 0.1.0; PRODUCT_BUNDLE_IDENTIFIER = com.almanac.personal;
                PRODUCT_NAME = "$(TARGET_NAME)"; SUPPORTED_PLATFORMS = "iphoneos iphonesimulator";
                SUPPORTS_MACCATALYST = NO; SWIFT_VERSION = 5.0; TARGETED_DEVICE_FAMILY = "1,2"; SWIFT_OPTIMIZATION_LEVEL = "-O"; DEBUG_INFORMATION_FORMAT = "dwarf-with-dsym"; SWIFT_COMPILATION_MODE = wholemodule; }; name = Release; };
		D7EA9B19BC5DAF32223C3C8B = { isa = XCConfigurationList; buildConfigurations = (7082CC0B6FC1282FCEABD07A, 639A7CA24D39909E713B47F7,); defaultConfigurationIsVisible = 0; defaultConfigurationName = Release; };
		FF0000000000000000000001 = { isa = XCBuildConfiguration; buildSettings = { ALWAYS_SEARCH_USER_PATHS = NO; APPLICATION_EXTENSION_API_ONLY = YES; CLANG_ENABLE_MODULES = YES; CODE_SIGN_STYLE = Automatic; CURRENT_PROJECT_VERSION = 1; GENERATE_INFOPLIST_FILE = YES; INFOPLIST_KEY_CFBundleDisplayName = "Almanac Widgets"; INFOPLIST_KEY_NSExtensionPointIdentifier = "com.apple.widgetkit-extension"; INFOPLIST_FILE = "AlmanacWidgets/Info.plist"; IPHONEOS_DEPLOYMENT_TARGET = 17.0; LD_RUNPATH_SEARCH_PATHS = "$(inherited) @executable_path/Frameworks @executable_path/../../Frameworks"; MARKETING_VERSION = 0.1.0; PRODUCT_BUNDLE_IDENTIFIER = com.almanac.personal.widgets; PRODUCT_NAME = "$(TARGET_NAME)"; SKIP_INSTALL = YES; SDKROOT = iphoneos; SUPPORTED_PLATFORMS = "iphoneos iphonesimulator"; SWIFT_VERSION = 5.0; TARGETED_DEVICE_FAMILY = "1,2"; CODE_SIGN_ENTITLEMENTS = AlmanacWidgets/AlmanacWidgets.entitlements; SWIFT_OPTIMIZATION_LEVEL = "-Onone"; DEBUG_INFORMATION_FORMAT = dwarf; SWIFT_ACTIVE_COMPILATION_CONDITIONS = "DEBUG $(inherited)"; }; name = Debug; };
		FF0000000000000000000002 = { isa = XCBuildConfiguration; buildSettings = { ALWAYS_SEARCH_USER_PATHS = NO; APPLICATION_EXTENSION_API_ONLY = YES; CLANG_ENABLE_MODULES = YES; CODE_SIGN_STYLE = Automatic; CURRENT_PROJECT_VERSION = 1; GENERATE_INFOPLIST_FILE = YES; INFOPLIST_KEY_CFBundleDisplayName = "Almanac Widgets"; INFOPLIST_KEY_NSExtensionPointIdentifier = "com.apple.widgetkit-extension"; INFOPLIST_FILE = "AlmanacWidgets/Info.plist"; IPHONEOS_DEPLOYMENT_TARGET = 17.0; LD_RUNPATH_SEARCH_PATHS = "$(inherited) @executable_path/Frameworks @executable_path/../../Frameworks"; MARKETING_VERSION = 0.1.0; PRODUCT_BUNDLE_IDENTIFIER = com.almanac.personal.widgets; PRODUCT_NAME = "$(TARGET_NAME)"; SKIP_INSTALL = YES; SDKROOT = iphoneos; SUPPORTED_PLATFORMS = "iphoneos iphonesimulator"; SWIFT_VERSION = 5.0; TARGETED_DEVICE_FAMILY = "1,2"; CODE_SIGN_ENTITLEMENTS = AlmanacWidgets/AlmanacWidgets.entitlements; SWIFT_OPTIMIZATION_LEVEL = "-O"; DEBUG_INFORMATION_FORMAT = "dwarf-with-dsym"; SWIFT_COMPILATION_MODE = wholemodule; }; name = Release; };
		FF0000000000000000000003 = { isa = XCConfigurationList; buildConfigurations = (FF0000000000000000000001, FF0000000000000000000002,); defaultConfigurationIsVisible = 0; defaultConfigurationName = Release; };
	};
	rootObject = 98F54143AB4E86B28C3AFEE0;
}
